
Microsoft Visual Studio Solution File, Format Version 12.00
# Visual Studio 15
VisualStudioVersion = 15.0.27428.2005
MinimumVisualStudioVersion = 10.0.40219.1
Project("{FAE04EC0-301F-11D3-BF4B-00C04F79EFBC}") = "SAM", "SAM\SAM.csproj", "{DF4AF72F-86BF-4883-AE3D-E1CCA7687E92}"
EndProject
Project("{FAE04EC0-301F-11D3-BF4B-00C04F79EFBC}") = "SAM.Data", "SAM.Data\SAM.Data.csproj", "{51D871F7-F5A3-44A9-993B-49DCDC0B465F}"
EndProject
Project("{FAE04EC0-301F-11D3-BF4B-00C04F79EFBC}") = "SAM.Entities", "SAM.Entities\SAM.Entities.csproj", "{2AC4ACDC-2266-4592-8A17-971B878DC084}"
EndProject
Global
	GlobalSection(SolutionConfigurationPlatforms) = preSolution
		Debug|Any CPU = Debug|Any CPU
		Release|Any CPU = Release|Any CPU
	EndGlobalSection
	GlobalSection(ProjectConfigurationPlatforms) = postSolution
		{DF4AF72F-86BF-4883-AE3D-E1CCA7687E92}.Debug|Any CPU.ActiveCfg = Debug|Any CPU
		{DF4AF72F-86BF-4883-AE3D-E1CCA7687E92}.Debug|Any CPU.Build.0 = Debug|Any CPU
		{DF4AF72F-86BF-4883-AE3D-E1CCA7687E92}.Release|Any CPU.ActiveCfg = Release|Any CPU
		{DF4AF72F-86BF-4883-AE3D-E1CCA7687E92}.Release|Any CPU.Build.0 = Release|Any CPU
		{51D871F7-F5A3-44A9-993B-49DCDC0B465F}.Debug|Any CPU.ActiveCfg = Debug|Any CPU
		{51D871F7-F5A3-44A9-993B-49DCDC0B465F}.Debug|Any CPU.Build.0 = Debug|Any CPU
		{51D871F7-F5A3-44A9-993B-49DCDC0B465F}.Release|Any CPU.ActiveCfg = Release|Any CPU
		{51D871F7-F5A3-44A9-993B-49DCDC0B465F}.Release|Any CPU.Build.0 = Release|Any CPU
		{2AC4ACDC-2266-4592-8A17-971B878DC084}.Debug|Any CPU.ActiveCfg = Debug|Any CPU
		{2AC4ACDC-2266-4592-8A17-971B878DC084}.Debug|Any CPU.Build.0 = Debug|Any CPU
		{2AC4ACDC-2266-4592-8A17-971B878DC084}.Release|Any CPU.ActiveCfg = Release|Any CPU
		{2AC4ACDC-2266-4592-8A17-971B878DC084}.Release|Any CPU.Build.0 = Release|Any CPU
	EndGlobalSection
	GlobalSection(SolutionProperties) = preSolution
		HideSolutionNode = FALSE
	EndGlobalSection
	GlobalSection(ExtensibilityGlobals) = postSolution
		SolutionGuid = {1990E186-6053-4072-BC44-73614C810465}
	EndGlobalSection
EndGlobal
